
Microsoft Visual Studio Solution File, Format Version 12.00
# Visual Studio 15
VisualStudioVersion = 15.0.27703.2035
MinimumVisualStudioVersion = 10.0.40219.1
Project("{FAE04EC0-301F-11D3-BF4B-00C04F79EFBC}") = "editor", "editor\editor.csproj", "{DB30DE8C-1EA4-42AF-AF30-05381ADE80FC}"
EndProject
Global
	GlobalSection(SolutionConfigurationPlatforms) = preSolution
		Debug|Any CPU = Debug|Any CPU
		Release|Any CPU = Release|Any CPU
	EndGlobalSection
	GlobalSection(ProjectConfigurationPlatforms) = postSolution
		{DB30DE8C-1EA4-42AF-AF30-05381ADE80FC}.Debug|Any CPU.ActiveCfg = Debug|Any CPU
		{DB30DE8C-1EA4-42AF-AF30-05381ADE80FC}.Debug|Any CPU.Build.0 = Debug|Any CPU
		{DB30DE8C-1EA4-42AF-AF30-05381ADE80FC}.Release|Any CPU.ActiveCfg = Release|Any CPU
		{DB30DE8C-1EA4-42AF-AF30-05381ADE80FC}.Release|Any CPU.Build.0 = Release|Any CPU
	EndGlobalSection
	GlobalSection(SolutionProperties) = preSolution
		HideSolutionNode = FALSE
	EndGlobalSection
	GlobalSection(ExtensibilityGlobals) = postSolution
		SolutionGuid = {729826F8-E59B-411F-937C-1639EECA0DA2}
	EndGlobalSection
EndGlobal
